<?xml version="1.0" encoding="UTF-8" standalone="yes" ?>
<CodeBlocks_project_file>
	<FileVersion major="1" minor="6" />
	<Project>
		<Option title="Buscaminas" />
		<Option pch_mode="2" />
		<Option compiler="gcc" />
		<Build>
			<Target title="Debug">
				<Option output="bin/Debug/Buscaminas" prefix_auto="1" extension_auto="1" />
				<Option object_output="obj/Debug/" />
				<Option type="1" />
				<Option compiler="gcc" />
				<Compiler>
					<Add option="-g" />
					<Add directory="SDL2-2.0.22/x86_64-w64-mingw32/include" />
					<Add directory="SDL2_ttf-2.24.0/x86_64-w64-mingw32/include" />
				</Compiler>
				<Linker>
					<Add option="-lmingw32 -lSDL2main -lSDL2" />
					<Add library="SDL2" />
					<Add library="SDL2main" />
					<Add library="SDL2_ttf" />
					<Add directory="SDL2-2.0.22/x86_64-w64-mingw32/lib" />
					<Add directory="SDL2_ttf-2.24.0/x86_64-w64-mingw32/lib" />
				</Linker>
			</Target>
			<Target title="Release">
				<Option output="bin/Release/Buscaminas" prefix_auto="1" extension_auto="1" />
				<Option object_output="obj/Release/" />
				<Option type="1" />
				<Option compiler="gcc" />
				<Compiler>
					<Add option="-O2" />
					<Add directory="SDL2-2.0.22/x86_64-w64-mingw32/include" />
					<Add directory="SDL2_ttf-2.24.0/x86_64-w64-mingw32/include" />
				</Compiler>
				<Linker>
					<Add option="-s" />
					<Add option="-lmingw32 -lSDL2main -lSDL2" />
					<Add library="SDL2" />
					<Add library="SDL2main" />
					<Add library="SDL2_ttf" />
					<Add directory="SDL2-2.0.22/x86_64-w64-mingw32/lib" />
					<Add directory="SDL2_ttf-2.24.0/x86_64-w64-mingw32/lib" />
				</Linker>
			</Target>
		</Build>
		<Compiler>
			<Add option="-Wall" />
			<Add directory="SDL2-2.0.22/x86_64-w64-mingw32/include" />
			<Add directory="SDL2_ttf-2.24.0/x86_64-w64-mingw32/include" />
		</Compiler>
		<Linker>
			<Add option="`sdl2-config --cflags`" />
			<Add option="-Imingw32 -ISDL2main -ISDL2" />
			<Add option="-lmingw32" />
			<Add library="SDL2" />
			<Add library="SDL2main" />
			<Add library="SDL2_ttf" />
			<Add directory="SDL2-2.0.22/x86_64-w64-mingw32/lib" />
			<Add directory="SDL2_ttf-2.24.0/x86_64-w64-mingw32/lib" />
		</Linker>
		<Unit filename="celdas.c">
			<Option compilerVar="CC" />
		</Unit>
		<Unit filename="celdas.h" />
		<Unit filename="estadisticas.c">
			<Option compilerVar="CC" />
		</Unit>
		<Unit filename="estadisticas.h" />
		<Unit filename="main.c">
			<Option compilerVar="CC" />
		</Unit>
		<Unit filename="menu.c">
			<Option compilerVar="CC" />
		</Unit>
		<Unit filename="menu.h" />
		<Unit filename="spriteNumeros.h" />
		<Unit filename="spriteNumerosJuego.h" />
		<Unit filename="spritesJuego.h" />
		<Extensions />
	</Project>
</CodeBlocks_project_file>
